// !$*UTF8*$!
{
	archiveVersion = 1;
	classes = {
	};
	objectVersion = 50;
	objects = {

/* Begin PBXBuildFile section */
		E84AA95C241F2EF800175FD8 /* AppDelegate.m in Sources */ = {isa = PBXBuildFile; fileRef = E84AA95B241F2EF800175FD8 /* AppDelegate.m */; };
		E84AA962241F2EF800175FD8 /* ViewController.m in Sources */ = {isa = PBXBuildFile; fileRef = E84AA961241F2EF800175FD8 /* ViewController.m */; };
		E84AA965241F2EF800175FD8 /* Main.storyboard in Resources */ = {isa = PBXBuildFile; fileRef = E84AA963241F2EF800175FD8 /* Main.storyboard */; };
		E84AA967241F2EF900175FD8 /* Assets.xcassets in Resources */ = {isa = PBXBuildFile; fileRef = E84AA966241F2EF900175FD8 /* Assets.xcassets */; };
		E84AA96A241F2EF900175FD8 /* LaunchScreen.storyboard in Resources */ = {isa = PBXBuildFile; fileRef = E84AA968241F2EF900175FD8 /* LaunchScreen.storyboard */; };
		E84AA96D241F2EF900175FD8 /* main.m in Sources */ = {isa = PBXBuildFile; fileRef = E84AA96C241F2EF900175FD8 /* main.m */; };
		E84AAA17241F6E5D00175FD8 /* KKBodyInfoVC.m in Sources */ = {isa = PBXBuildFile; fileRef = E84AAA16241F6E5D00175FD8 /* KKBodyInfoVC.m */; };
		E84AAA1B241F6F2600175FD8 /* CTMediator+BodyInfo.m in Sources */ = {isa = PBXBuildFile; fileRef = E84AAA1A241F6F2600175FD8 /* CTMediator+BodyInfo.m */; };
		E84AAA21241F6F9E00175FD8 /* Target_BodyInfo.m in Sources */ = {isa = PBXBuildFile; fileRef = E84AAA20241F6F9E00175FD8 /* Target_BodyInfo.m */; };
		EB5E12C250D23849BA55346E /* libPods-BodyInfo.a in Frameworks */ = {isa = PBXBuildFile; fileRef = A377E5858282CF54488E3662 /* libPods-BodyInfo.a */; };
/* End PBXBuildFile section */

/* Begin PBXFileReference section */
		35EDD99673A008AF1341339C /* Pods-BodyInfo.release.xcconfig */ = {isa = PBXFileReference; includeInIndex = 1; lastKnownFileType = text.xcconfig; name = "Pods-BodyInfo.release.xcconfig"; path = "Target Support Files/Pods-BodyInfo/Pods-BodyInfo.release.xcconfig"; sourceTree = "<group>"; };
		A377E5858282CF54488E3662 /* libPods-BodyInfo.a */ = {isa = PBXFileReference; explicitFileType = archive.ar; includeInIndex = 0; path = "libPods-BodyInfo.a"; sourceTree = BUILT_PRODUCTS_DIR; };
		E84AA957241F2EF800175FD8 /* BodyInfo.app */ = {isa = PBXFileReference; explicitFileType = wrapper.application; includeInIndex = 0; path = BodyInfo.app; sourceTree = BUILT_PRODUCTS_DIR; };
		E84AA95A241F2EF800175FD8 /* AppDelegate.h */ = {isa = PBXFileReference; lastKnownFileType = sourcecode.c.h; path = AppDelegate.h; sourceTree = "<group>"; };
		E84AA95B241F2EF800175FD8 /* AppDelegate.m */ = {isa = PBXFileReference; lastKnownFileType = sourcecode.c.objc; path = AppDelegate.m; sourceTree = "<group>"; };
		E84AA960241F2EF800175FD8 /* ViewController.h */ = {isa = PBXFileReference; lastKnownFileType = sourcecode.c.h; path = ViewController.h; sourceTree = "<group>"; };
		E84AA961241F2EF800175FD8 /* ViewController.m */ = {isa = PBXFileReference; lastKnownFileType = sourcecode.c.objc; path = ViewController.m; sourceTree = "<group>"; };
		E84AA964241F2EF800175FD8 /* Base */ = {isa = PBXFileReference; lastKnownFileType = file.storyboard; name = Base; path = Base.lproj/Main.storyboard; sourceTree = "<group>"; };
		E84AA966241F2EF900175FD8 /* Assets.xcassets */ = {isa = PBXFileReference; lastKnownFileType = folder.assetcatalog; path = Assets.xcassets; sourceTree = "<group>"; };
		E84AA969241F2EF900175FD8 /* Base */ = {isa = PBXFileReference; lastKnownFileType = file.storyboard; name = Base; path = Base.lproj/LaunchScreen.storyboard; sourceTree = "<group>"; };
		E84AA96B241F2EF900175FD8 /* Info.plist */ = {isa = PBXFileReference; lastKnownFileType = text.plist.xml; path = Info.plist; sourceTree = "<group>"; };
		E84AA96C241F2EF900175FD8 /* main.m */ = {isa = PBXFileReference; lastKnownFileType = sourcecode.c.objc; path = main.m; sourceTree = "<group>"; };
		E84AAA15241F6E5D00175FD8 /* KKBodyInfoVC.h */ = {isa = PBXFileReference; lastKnownFileType = sourcecode.c.h; path = KKBodyInfoVC.h; sourceTree = "<group>"; };
		E84AAA16241F6E5D00175FD8 /* KKBodyInfoVC.m */ = {isa = PBXFileReference; lastKnownFileType = sourcecode.c.objc; path = KKBodyInfoVC.m; sourceTree = "<group>"; };
		E84AAA19241F6F2600175FD8 /* CTMediator+BodyInfo.h */ = {isa = PBXFileReference; lastKnownFileType = sourcecode.c.h; path = "CTMediator+BodyInfo.h"; sourceTree = "<group>"; };
		E84AAA1A241F6F2600175FD8 /* CTMediator+BodyInfo.m */ = {isa = PBXFileReference; lastKnownFileType = sourcecode.c.objc; path = "CTMediator+BodyInfo.m"; sourceTree = "<group>"; };
		E84AAA1F241F6F9E00175FD8 /* Target_BodyInfo.h */ = {isa = PBXFileReference; lastKnownFileType = sourcecode.c.h; path = Target_BodyInfo.h; sourceTree = "<group>"; };
		E84AAA20241F6F9E00175FD8 /* Target_BodyInfo.m */ = {isa = PBXFileReference; lastKnownFileType = sourcecode.c.objc; path = Target_BodyInfo.m; sourceTree = "<group>"; };
		FB9AD1C86CD73CDAC7282C9C /* Pods-BodyInfo.debug.xcconfig */ = {isa = PBXFileReference; includeInIndex = 1; lastKnownFileType = text.xcconfig; name = "Pods-BodyInfo.debug.xcconfig"; path = "Target Support Files/Pods-BodyInfo/Pods-BodyInfo.debug.xcconfig"; sourceTree = "<group>"; };
/* End PBXFileReference section */

/* Begin PBXFrameworksBuildPhase section */
		E84AA954241F2EF800175FD8 /* Frameworks */ = {
			isa = PBXFrameworksBuildPhase;
			buildActionMask = 2147483647;
			files = (
				EB5E12C250D23849BA55346E /* libPods-BodyInfo.a in Frameworks */,
			);
			runOnlyForDeploymentPostprocessing = 0;
		};
/* End PBXFrameworksBuildPhase section */

/* Begin PBXGroup section */
		75F8970858DBD266A3AA2E59 /* Frameworks */ = {
			isa = PBXGroup;
			children = (
				A377E5858282CF54488E3662 /* libPods-BodyInfo.a */,
			);
			name = Frameworks;
			sourceTree = "<group>";
		};
		97CA024648A11CFEFCB97210 /* Pods */ = {
			isa = PBXGroup;
			children = (
				FB9AD1C86CD73CDAC7282C9C /* Pods-BodyInfo.debug.xcconfig */,
				35EDD99673A008AF1341339C /* Pods-BodyInfo.release.xcconfig */,
			);
			name = Pods;
			path = ../Pods;
			sourceTree = "<group>";
		};
		E84AA94E241F2EF800175FD8 = {
			isa = PBXGroup;
			children = (
				E84AA959241F2EF800175FD8 /* BodyInfo */,
				E84AA958241F2EF800175FD8 /* Products */,
				97CA024648A11CFEFCB97210 /* Pods */,
				75F8970858DBD266A3AA2E59 /* Frameworks */,
			);
			sourceTree = "<group>";
		};
		E84AA958241F2EF800175FD8 /* Products */ = {
			isa = PBXGroup;
			children = (
				E84AA957241F2EF800175FD8 /* BodyInfo.app */,
			);
			name = Products;
			sourceTree = "<group>";
		};
		E84AA959241F2EF800175FD8 /* BodyInfo */ = {
			isa = PBXGroup;
			children = (
				E84AA95A241F2EF800175FD8 /* AppDelegate.h */,
				E84AA95B241F2EF800175FD8 /* AppDelegate.m */,
				E84AAA13241F6E5200175FD8 /* BodyInfo */,
				E84AAA12241F6D9700175FD8 /* Supporting Files */,
			);
			path = BodyInfo;
			sourceTree = "<group>";
		};
		E84AAA12241F6D9700175FD8 /* Supporting Files */ = {
			isa = PBXGroup;
			children = (
				E84AA960241F2EF800175FD8 /* ViewController.h */,
				E84AA961241F2EF800175FD8 /* ViewController.m */,
				E84AA963241F2EF800175FD8 /* Main.storyboard */,
				E84AA966241F2EF900175FD8 /* Assets.xcassets */,
				E84AA968241F2EF900175FD8 /* LaunchScreen.storyboard */,
				E84AA96B241F2EF900175FD8 /* Info.plist */,
				E84AA96C241F2EF900175FD8 /* main.m */,
			);
			name = "Supporting Files";
			sourceTree = "<group>";
		};
		E84AAA13241F6E5200175FD8 /* BodyInfo */ = {
			isa = PBXGroup;
			children = (
				E84AAA14241F6E5200175FD8 /* Controller */,
				E84AAA18241F6F1100175FD8 /* Router */,
			);
			path = BodyInfo;
			sourceTree = "<group>";
		};
		E84AAA14241F6E5200175FD8 /* Controller */ = {
			isa = PBXGroup;
			children = (
				E84AAA15241F6E5D00175FD8 /* KKBodyInfoVC.h */,
				E84AAA16241F6E5D00175FD8 /* KKBodyInfoVC.m */,
			);
			path = Controller;
			sourceTree = "<group>";
		};
		E84AAA18241F6F1100175FD8 /* Router */ = {
			isa = PBXGroup;
			children = (
				E84AAA19241F6F2600175FD8 /* CTMediator+BodyInfo.h */,
				E84AAA1A241F6F2600175FD8 /* CTMediator+BodyInfo.m */,
				E84AAA1F241F6F9E00175FD8 /* Target_BodyInfo.h */,
				E84AAA20241F6F9E00175FD8 /* Target_BodyInfo.m */,
			);
			path = Router;
			sourceTree = "<group>";
		};
/* End PBXGroup section */

/* Begin PBXNativeTarget section */
		E84AA956241F2EF800175FD8 /* BodyInfo */ = {
			isa = PBXNativeTarget;
			buildConfigurationList = E84AA970241F2EF900175FD8 /* Build configuration list for PBXNativeTarget "BodyInfo" */;
			buildPhases = (
				59662CFCB9B17F57095318D4 /* [CP] Check Pods Manifest.lock */,
				E84AA953241F2EF800175FD8 /* Sources */,
				E84AA954241F2EF800175FD8 /* Frameworks */,
				E84AA955241F2EF800175FD8 /* Resources */,
			);
			buildRules = (
			);
			dependencies = (
			);
			name = BodyInfo;
			productName = BodyInfo;
			productReference = E84AA957241F2EF800175FD8 /* BodyInfo.app */;
			productType = "com.apple.product-type.application";
		};
/* End PBXNativeTarget section */

/* Begin PBXProject section */
		E84AA94F241F2EF800175FD8 /* Project object */ = {
			isa = PBXProject;
			attributes = {
				CLASSPREFIX = KK;
				LastUpgradeCheck = 1130;
				ORGANIZATIONNAME = KK;
				TargetAttributes = {
					E84AA956241F2EF800175FD8 = {
						CreatedOnToolsVersion = 11.3;
					};
				};
			};
			buildConfigurationList = E84AA952241F2EF800175FD8 /* Build configuration list for PBXProject "BodyInfo" */;
			compatibilityVersion = "Xcode 9.3";
			developmentRegion = en;
			hasScannedForEncodings = 0;
			knownRegions = (
				en,
				Base,
			);
			mainGroup = E84AA94E241F2EF800175FD8;
			productRefGroup = E84AA958241F2EF800175FD8 /* Products */;
			projectDirPath = "";
			projectRoot = "";
			targets = (
				E84AA956241F2EF800175FD8 /* BodyInfo */,
			);
		};
/* End PBXProject section */

/* Begin PBXResourcesBuildPhase section */
		E84AA955241F2EF800175FD8 /* Resources */ = {
			isa = PBXResourcesBuildPhase;
			buildActionMask = 2147483647;
			files = (
				E84AA96A241F2EF900175FD8 /* LaunchScreen.storyboard in Resources */,
				E84AA967241F2EF900175FD8 /* Assets.xcassets in Resources */,
				E84AA965241F2EF800175FD8 /* Main.storyboard in Resources */,
			);
			runOnlyForDeploymentPostprocessing = 0;
		};
/* End PBXResourcesBuildPhase section */

/* Begin PBXShellScriptBuildPhase section */
		59662CFCB9B17F57095318D4 /* [CP] Check Pods Manifest.lock */ = {
			isa = PBXShellScriptBuildPhase;
			buildActionMask = 2147483647;
			files = (
			);
			inputFileListPaths = (
			);
			inputPaths = (
				"${PODS_PODFILE_DIR_PATH}/Podfile.lock",
				"${PODS_ROOT}/Manifest.lock",
			);
			name = "[CP] Check Pods Manifest.lock";
			outputFileListPaths = (
			);
			outputPaths = (
				"$(DERIVED_FILE_DIR)/Pods-BodyInfo-checkManifestLockResult.txt",
			);
			runOnlyForDeploymentPostprocessing = 0;
			shellPath = /bin/sh;
			shellScript = "diff \"${PODS_PODFILE_DIR_PATH}/Podfile.lock\" \"${PODS_ROOT}/Manifest.lock\" > /dev/null\nif [ $? != 0 ] ; then\n    # print error to STDERR\n    echo \"error: The sandbox is not in sync with the Podfile.lock. Run 'pod install' or update your CocoaPods installation.\" >&2\n    exit 1\nfi\n# This output is used by Xcode 'outputs' to avoid re-running this script phase.\necho \"SUCCESS\" > \"${SCRIPT_OUTPUT_FILE_0}\"\n";
			showEnvVarsInLog = 0;
		};
/* End PBXShellScriptBuildPhase section */

/* Begin PBXSourcesBuildPhase section */
		E84AA953241F2EF800175FD8 /* Sources */ = {
			isa = PBXSourcesBuildPhase;
			buildActionMask = 2147483647;
			files = (
				E84AAA1B241F6F2600175FD8 /* CTMediator+BodyInfo.m in Sources */,
				E84AA962241F2EF800175FD8 /* ViewController.m in Sources */,
				E84AA95C241F2EF800175FD8 /* AppDelegate.m in Sources */,
				E84AAA17241F6E5D00175FD8 /* KKBodyInfoVC.m in Sources */,
				E84AAA21241F6F9E00175FD8 /* Target_BodyInfo.m in Sources */,
				E84AA96D241F2EF900175FD8 /* main.m in Sources */,
			);
			runOnlyForDeploymentPostprocessing = 0;
		};
/* End PBXSourcesBuildPhase section */

/* Begin PBXVariantGroup section */
		E84AA963241F2EF800175FD8 /* Main.storyboard */ = {
			isa = PBXVariantGroup;
			children = (
				E84AA964241F2EF800175FD8 /* Base */,
			);
			name = Main.storyboard;
			sourceTree = "<group>";
		};
		E84AA968241F2EF900175FD8 /* LaunchScreen.storyboard */ = {
			isa = PBXVariantGroup;
			children = (
				E84AA969241F2EF900175FD8 /* Base */,
			);
			name = LaunchScreen.storyboard;
			sourceTree = "<group>";
		};
/* End PBXVariantGroup section */

/* Begin XCBuildConfiguration section */
		E84AA96E241F2EF900175FD8 /* Debug */ = {
			isa = XCBuildConfiguration;
			buildSettings = {
				ALWAYS_SEARCH_USER_PATHS = NO;
				CLANG_ANALYZER_NONNULL = YES;
				CLANG_ANALYZER_NUMBER_OBJECT_CONVERSION = YES_AGGRESSIVE;
				CLANG_CXX_LANGUAGE_STANDARD = "gnu++14";
				CLANG_CXX_LIBRARY = "libc++";
				CLANG_ENABLE_MODULES = YES;
				CLANG_ENABLE_OBJC_ARC = YES;
				CLANG_ENABLE_OBJC_WEAK = YES;
				CLANG_WARN_BLOCK_CAPTURE_AUTORELEASING = YES;
				CLANG_WARN_BOOL_CONVERSION = YES;
				CLANG_WARN_COMMA = YES;
				CLANG_WARN_CONSTANT_CONVERSION = YES;
				CLANG_WARN_DEPRECATED_OBJC_IMPLEMENTATIONS = YES;
				CLANG_WARN_DIRECT_OBJC_ISA_USAGE = YES_ERROR;
				CLANG_WARN_DOCUMENTATION_COMMENTS = YES;
				CLANG_WARN_EMPTY_BODY = YES;
				CLANG_WARN_ENUM_CONVERSION = YES;
				CLANG_WARN_INFINITE_RECURSION = YES;
				CLANG_WARN_INT_CONVERSION = YES;
				CLANG_WARN_NON_LITERAL_NULL_CONVERSION = YES;
				CLANG_WARN_OBJC_IMPLICIT_RETAIN_SELF = YES;
				CLANG_WARN_OBJC_LITERAL_CONVERSION = YES;
				CLANG_WARN_OBJC_ROOT_CLASS = YES_ERROR;
				CLANG_WARN_RANGE_LOOP_ANALYSIS = YES;
				CLANG_WARN_STRICT_PROTOTYPES = YES;
				CLANG_WARN_SUSPICIOUS_MOVE = YES;
				CLANG_WARN_UNGUARDED_AVAILABILITY = YES_AGGRESSIVE;
				CLANG_WARN_UNREACHABLE_CODE = YES;
				CLANG_WARN__DUPLICATE_METHOD_MATCH = YES;
				COPY_PHASE_STRIP = NO;
				DEBUG_INFORMATION_FORMAT = dwarf;
				ENABLE_STRICT_OBJC_MSGSEND = YES;
				ENABLE_TESTABILITY = YES;
				GCC_C_LANGUAGE_STANDARD = gnu11;
				GCC_DYNAMIC_NO_PIC = NO;
				GCC_NO_COMMON_BLOCKS = YES;
				GCC_OPTIMIZATION_LEVEL = 0;
				GCC_PREPROCESSOR_DEFINITIONS = (
					"DEBUG=1",
					"$(inherited)",
				);
				GCC_WARN_64_TO_32_BIT_CONVERSION = YES;
				GCC_WARN_ABOUT_RETURN_TYPE = YES_ERROR;
				GCC_WARN_UNDECLARED_SELECTOR = YES;
				GCC_WARN_UNINITIALIZED_AUTOS = YES_AGGRESSIVE;
				GCC_WARN_UNUSED_FUNCTION = YES;
				GCC_WARN_UNUSED_VARIABLE = YES;
				IPHONEOS_DEPLOYMENT_TARGET = 13.2;
				MTL_ENABLE_DEBUG_INFO = INCLUDE_SOURCE;
				MTL_FAST_MATH = YES;
				ONLY_ACTIVE_ARCH = YES;
				SDKROOT = iphoneos;
			};
			name = Debug;
		};
		E84AA96F241F2EF900175FD8 /* Release */ = {
			isa = XCBuildConfiguration;
			buildSettings = {
				ALWAYS_SEARCH_USER_PATHS = NO;
				CLANG_ANALYZER_NONNULL = YES;
				CLANG_ANALYZER_NUMBER_OBJECT_CONVERSION = YES_AGGRESSIVE;
				CLANG_CXX_LANGUAGE_STANDARD = "gnu++14";
				CLANG_CXX_LIBRARY = "libc++";
				CLANG_ENABLE_MODULES = YES;
				CLANG_ENABLE_OBJC_ARC = YES;
				CLANG_ENABLE_OBJC_WEAK = YES;
				CLANG_WARN_BLOCK_CAPTURE_AUTORELEASING = YES;
				CLANG_WARN_BOOL_CONVERSION = YES;
				CLANG_WARN_COMMA = YES;
				CLANG_WARN_CONSTANT_CONVERSION = YES;
				CLANG_WARN_DEPRECATED_OBJC_IMPLEMENTATIONS = YES;
				CLANG_WARN_DIRECT_OBJC_ISA_USAGE = YES_ERROR;
				CLANG_WARN_DOCUMENTATION_COMMENTS = YES;
				CLANG_WARN_EMPTY_BODY = YES;
				CLANG_WARN_ENUM_CONVERSION = YES;
				CLANG_WARN_INFINITE_RECURSION = YES;
				CLANG_WARN_INT_CONVERSION = YES;
				CLANG_WARN_NON_LITERAL_NULL_CONVERSION = YES;
				CLANG_WARN_OBJC_IMPLICIT_RETAIN_SELF = YES;
				CLANG_WARN_OBJC_LITERAL_CONVERSION = YES;
				CLANG_WARN_OBJC_ROOT_CLASS = YES_ERROR;
				CLANG_WARN_RANGE_LOOP_ANALYSIS = YES;
				CLANG_WARN_STRICT_PROTOTYPES = YES;
				CLANG_WARN_SUSPICIOUS_MOVE = YES;
				CLANG_WARN_UNGUARDED_AVAILABILITY = YES_AGGRESSIVE;
				CLANG_WARN_UNREACHABLE_CODE = YES;
				CLANG_WARN__DUPLICATE_METHOD_MATCH = YES;
				COPY_PHASE_STRIP = NO;
				DEBUG_INFORMATION_FORMAT = "dwarf-with-dsym";
				ENABLE_NS_ASSERTIONS = NO;
				ENABLE_STRICT_OBJC_MSGSEND = YES;
				GCC_C_LANGUAGE_STANDARD = gnu11;
				GCC_NO_COMMON_BLOCKS = YES;
				GCC_WARN_64_TO_32_BIT_CONVERSION = YES;
				GCC_WARN_ABOUT_RETURN_TYPE = YES_ERROR;
				GCC_WARN_UNDECLARED_SELECTOR = YES;
				GCC_WARN_UNINITIALIZED_AUTOS = YES_AGGRESSIVE;
				GCC_WARN_UNUSED_FUNCTION = YES;
				GCC_WARN_UNUSED_VARIABLE = YES;
				IPHONEOS_DEPLOYMENT_TARGET = 13.2;
				MTL_ENABLE_DEBUG_INFO = NO;
				MTL_FAST_MATH = YES;
				SDKROOT = iphoneos;
				VALIDATE_PRODUCT = YES;
			};
			name = Release;
		};
		E84AA971241F2EF900175FD8 /* Debug */ = {
			isa = XCBuildConfiguration;
			baseConfigurationReference = FB9AD1C86CD73CDAC7282C9C /* Pods-BodyInfo.debug.xcconfig */;
			buildSettings = {
				ASSETCATALOG_COMPILER_APPICON_NAME = AppIcon;
				CODE_SIGN_STYLE = Automatic;
				DEVELOPMENT_TEAM = RDRP4TN724;
				INFOPLIST_FILE = BodyInfo/Info.plist;
				IPHONEOS_DEPLOYMENT_TARGET = 9.0;
				LD_RUNPATH_SEARCH_PATHS = (
					"$(inherited)",
					"@executable_path/Frameworks",
				);
				PRODUCT_BUNDLE_IDENTIFIER = com.kk.BodyInfo;
				PRODUCT_NAME = "$(TARGET_NAME)";
				TARGETED_DEVICE_FAMILY = 1;
			};
			name = Debug;
		};
		E84AA972241F2EF900175FD8 /* Release */ = {
			isa = XCBuildConfiguration;
			baseConfigurationReference = 35EDD99673A008AF1341339C /* Pods-BodyInfo.release.xcconfig */;
			buildSettings = {
				ASSETCATALOG_COMPILER_APPICON_NAME = AppIcon;
				CODE_SIGN_STYLE = Automatic;
				DEVELOPMENT_TEAM = RDRP4TN724;
				INFOPLIST_FILE = BodyInfo/Info.plist;
				IPHONEOS_DEPLOYMENT_TARGET = 9.0;
				LD_RUNPATH_SEARCH_PATHS = (
					"$(inherited)",
					"@executable_path/Frameworks",
				);
				PRODUCT_BUNDLE_IDENTIFIER = com.kk.BodyInfo;
				PRODUCT_NAME = "$(TARGET_NAME)";
				TARGETED_DEVICE_FAMILY = 1;
			};
			name = Release;
		};
/* End XCBuildConfiguration section */

/* Begin XCConfigurationList section */
		E84AA952241F2EF800175FD8 /* Build configuration list for PBXProject "BodyInfo" */ = {
			isa = XCConfigurationList;
			buildConfigurations = (
				E84AA96E241F2EF900175FD8 /* Debug */,
				E84AA96F241F2EF900175FD8 /* Release */,
			);
			defaultConfigurationIsVisible = 0;
			defaultConfigurationName = Release;
		};
		E84AA970241F2EF900175FD8 /* Build configuration list for PBXNativeTarget "BodyInfo" */ = {
			isa = XCConfigurationList;
			buildConfigurations = (
				E84AA971241F2EF900175FD8 /* Debug */,
				E84AA972241F2EF900175FD8 /* Release */,
			);
			defaultConfigurationIsVisible = 0;
			defaultConfigurationName = Release;
		};
/* End XCConfigurationList section */
	};
	rootObject = E84AA94F241F2EF800175FD8 /* Project object */;
}
